{
  "name": "game-saveweaver",
  "version": "0.1.0",
  "lockfileVersion": 3,
  "requires": true,
  "packages": {
    "": {
      "name": "game-saveweaver",
      "version": "0.1.0",
      "license": "MIT",
      "bin": {
        "saveweaver": "bin/saveweaver.js"
      },
      "engines": {
        "node": ">=20"
      }
    }
  }
}
